{
  "version": 4,
  "terraform_version": "1.9.7",
  "serial": 656,
  "lineage": "458d9871-7a7f-3d28-a204-25c3b4f4d9fd",
  "outputs": {},
  "resources": [
    {
      "mode": "data",
      "type": "archive_file",
      "name": "lambda_code",
      "provider": "provider[\"registry.terraform.io/hashicorp/archive\"]",
      "instances": [
        {
          "schema_version": 0,
          "attributes": {
            "exclude_symlink_directories": null,
            "excludes": null,
            "id": "39b59a6317d69cc3b7e8e39738cfe549afa47ed1",
            "output_base64sha256": "W7173EIPKQNr5bpizvGoXHYMm1mtjG+HQ5Szwvpf+rc=",
            "output_base64sha512": "js/NgQkWEWY2p9Y/T3kdiwr4FS/vhQESpE7qa73Sy3FLaN02lKJv6gNSimiFHrQf3gNnorb3XiKTFwcZujJKYw==",
            "output_file_mode": null,
            "output_md5": "a1cd8aa258938bf8b82076612783905f",
            "output_path": "./lambda_function.zip",
            "output_sha": "39b59a6317d69cc3b7e8e39738cfe549afa47ed1",
            "output_sha256": "5bbd7bdc420f29036be5ba62cef1a85c760c9b59ad8c6f874394b3c2fa5ffab7",
            "output_sha512": "8ecfcd810916116636a7d63f4f791d8b0af8152fef850112a44eea6bbdd2cb714b68dd3694a26fea03528a68851eb41fde0367a2b6f75e2293170719ba324a63",
            "output_size": 6436713,
            "source": [],
            "source_content": null,
            "source_content_filename": null,
            "source_dir": "./lambda",
            "source_file": null,
            "type": "zip"
          },
          "sensitive_attributes": []
        }
      ]
    },
    {
      "mode": "data",
      "type": "aws_ecr_image",
      "name": "conversafina-backend",
      "provider": "provider[\"registry.terraform.io/hashicorp/aws\"]",
      "instances": [
        {
          "schema_version": 0,
          "attributes": {
            "id": "sha256:ab0234e4e12ae37e04b7cbe5c234f7b6de136488c672d8c262110b45445f97df",
            "image_digest": "sha256:ab0234e4e12ae37e04b7cbe5c234f7b6de136488c672d8c262110b45445f97df",
            "image_pushed_at": 1750952912,
            "image_size_in_bytes": 449769106,
            "image_tag": "1.0.0",
            "image_tags": [
              "1.0.0"
            ],
            "image_uri": "794038240353.dkr.ecr.us-east-2.amazonaws.com/conversafina-backend@sha256:ab0234e4e12ae37e04b7cbe5c234f7b6de136488c672d8c262110b45445f97df",
            "most_recent": null,
            "registry_id": "794038240353",
            "repository_name": "conversafina-backend"
          },
          "sensitive_attributes": []
        }
      ]
    },
    {
      "mode": "data",
      "type": "aws_ecr_image",
      "name": "conversafina-frontend",
      "provider": "provider[\"registry.terraform.io/hashicorp/aws\"]",
      "instances": [
        {
          "schema_version": 0,
          "attributes": {
            "id": "sha256:b8782565debbfbcff1058c08b317cac4f5a8361f4d1a5201923516f4eb2faa6e",
            "image_digest": "sha256:b8782565debbfbcff1058c08b317cac4f5a8361f4d1a5201923516f4eb2faa6e",
            "image_pushed_at": 1750952902,
            "image_size_in_bytes": 383761735,
            "image_tag": "1.0.0",
            "image_tags": [
              "1.0.0"
            ],
            "image_uri": "794038240353.dkr.ecr.us-east-2.amazonaws.com/conversafina-frontend@sha256:b8782565debbfbcff1058c08b317cac4f5a8361f4d1a5201923516f4eb2faa6e",
            "most_recent": null,
            "registry_id": "794038240353",
            "repository_name": "conversafina-frontend"
          },
          "sensitive_attributes": []
        }
      ]
    },
    {
      "mode": "data",
      "type": "aws_ecr_image",
      "name": "conversafina-nginx",
      "provider": "provider[\"registry.terraform.io/hashicorp/aws\"]",
      "instances": [
        {
          "schema_version": 0,
          "attributes": {
            "id": "sha256:1fa54ba76d28fee9e0e88373ba9a433ad5763b4efae023457eca791fe512d395",
            "image_digest": "sha256:1fa54ba76d28fee9e0e88373ba9a433ad5763b4efae023457eca791fe512d395",
            "image_pushed_at": 1750952922,
            "image_size_in_bytes": 67186262,
            "image_tag": "1.0.0",
            "image_tags": [
              "1.0.0"
            ],
            "image_uri": "794038240353.dkr.ecr.us-east-2.amazonaws.com/conversafina-nginx@sha256:1fa54ba76d28fee9e0e88373ba9a433ad5763b4efae023457eca791fe512d395",
            "most_recent": null,
            "registry_id": "794038240353",
            "repository_name": "conversafina-nginx"
          },
          "sensitive_attributes": []
        }
      ]
    },
    {
      "mode": "data",
      "type": "aws_ecr_repository",
      "name": "conversafina-backend",
      "provider": "provider[\"registry.terraform.io/hashicorp/aws\"]",
      "instances": [
        {
          "schema_version": 0,
          "attributes": {
            "arn": "arn:aws:ecr:us-east-2:794038240353:repository/conversafina-backend",
            "encryption_configuration": [
              {
                "encryption_type": "AES256",
                "kms_key": ""
              }
            ],
            "id": "conversafina-backend",
            "image_scanning_configuration": [
              {
                "scan_on_push": false
              }
            ],
            "image_tag_mutability": "MUTABLE",
            "most_recent_image_tags": [
              "1.0.0"
            ],
            "name": "conversafina-backend",
            "registry_id": "794038240353",
            "repository_url": "794038240353.dkr.ecr.us-east-2.amazonaws.com/conversafina-backend",
            "tags": {}
          },
          "sensitive_attributes": []
        }
      ]
    },
    {
      "mode": "data",
      "type": "aws_ecr_repository",
      "name": "conversafina-frontend",
      "provider": "provider[\"registry.terraform.io/hashicorp/aws\"]",
      "instances": [
        {
          "schema_version": 0,
          "attributes": {
            "arn": "arn:aws:ecr:us-east-2:794038240353:repository/conversafina-frontend",
            "encryption_configuration": [
              {
                "encryption_type": "AES256",
                "kms_key": ""
              }
            ],
            "id": "conversafina-frontend",
            "image_scanning_configuration": [
              {
                "scan_on_push": false
              }
            ],
            "image_tag_mutability": "MUTABLE",
            "most_recent_image_tags": [
              "1.0.0"
            ],
            "name": "conversafina-frontend",
            "registry_id": "794038240353",
            "repository_url": "794038240353.dkr.ecr.us-east-2.amazonaws.com/conversafina-frontend",
            "tags": {}
          },
          "sensitive_attributes": []
        }
      ]
    },
    {
      "mode": "data",
      "type": "aws_ecr_repository",
      "name": "conversafina-nginx",
      "provider": "provider[\"registry.terraform.io/hashicorp/aws\"]",
      "instances": [
        {
          "schema_version": 0,
          "attributes": {
            "arn": "arn:aws:ecr:us-east-2:794038240353:repository/conversafina-nginx",
            "encryption_configuration": [
              {
                "encryption_type": "AES256",
                "kms_key": ""
              }
            ],
            "id": "conversafina-nginx",
            "image_scanning_configuration": [
              {
                "scan_on_push": false
              }
            ],
            "image_tag_mutability": "MUTABLE",
            "most_recent_image_tags": [
              "1.0.0"
            ],
            "name": "conversafina-nginx",
            "registry_id": "794038240353",
            "repository_url": "794038240353.dkr.ecr.us-east-2.amazonaws.com/conversafina-nginx",
            "tags": {}
          },
          "sensitive_attributes": []
        }
      ]
    },
    {
      "mode": "data",
      "type": "aws_region",
      "name": "current",
      "provider": "provider[\"registry.terraform.io/hashicorp/aws\"]",
      "instances": [
        {
          "schema_version": 0,
          "attributes": {
            "description": "US East (Ohio)",
            "endpoint": "ec2.us-east-2.amazonaws.com",
            "id": "us-east-2",
            "name": "us-east-2"
          },
          "sensitive_attributes": []
        }
      ]
    },
    {
      "mode": "data",
      "type": "aws_subnet",
      "name": "conversafina",
      "provider": "provider[\"registry.terraform.io/hashicorp/aws\"]",
      "instances": [
        {
          "schema_version": 0,
          "attributes": {
            "arn": "arn:aws:ec2:us-east-2:794038240353:subnet/subnet-0e3acb9b437b7b2fa",
            "assign_ipv6_address_on_creation": false,
            "availability_zone": "us-east-2a",
            "availability_zone_id": "use2-az1",
            "available_ip_address_count": 4090,
            "cidr_block": "172.31.0.0/20",
            "customer_owned_ipv4_pool": "",
            "default_for_az": true,
            "enable_dns64": false,
            "enable_lni_at_device_index": 0,
            "enable_resource_name_dns_a_record_on_launch": false,
            "enable_resource_name_dns_aaaa_record_on_launch": false,
            "filter": null,
            "id": "subnet-0e3acb9b437b7b2fa",
            "ipv6_cidr_block": "",
            "ipv6_cidr_block_association_id": "",
            "ipv6_native": false,
            "map_customer_owned_ip_on_launch": false,
            "map_public_ip_on_launch": true,
            "outpost_arn": "",
            "owner_id": "794038240353",
            "private_dns_hostname_type_on_launch": "ip-name",
            "state": "available",
            "tags": {},
            "timeouts": null,
            "vpc_id": "vpc-0f1a6cf4187afb3ce"
          },
          "sensitive_attributes": []
        }
      ]
    },
    {
      "mode": "data",
      "type": "aws_vpc",
      "name": "conversafina",
      "provider": "provider[\"registry.terraform.io/hashicorp/aws\"]",
      "instances": [
        {
          "schema_version": 0,
          "attributes": {
            "arn": "arn:aws:ec2:us-east-2:794038240353:vpc/vpc-0f1a6cf4187afb3ce",
            "cidr_block": "172.31.0.0/16",
            "cidr_block_associations": [
              {
                "association_id": "vpc-cidr-assoc-084232306d1e49fd7",
                "cidr_block": "172.31.0.0/16",
                "state": "associated"
              }
            ],
            "default": true,
            "dhcp_options_id": "dopt-0c15cf19928abeee1",
            "enable_dns_hostnames": true,
            "enable_dns_support": true,
            "enable_network_address_usage_metrics": false,
            "filter": null,
            "id": "vpc-0f1a6cf4187afb3ce",
            "instance_tenancy": "default",
            "ipv6_association_id": "",
            "ipv6_cidr_block": "",
            "main_route_table_id": "rtb-0da6de43037d6d11b",
            "owner_id": "794038240353",
            "state": null,
            "tags": {},
            "timeouts": null
          },
          "sensitive_attributes": []
        }
      ]
    },
    {
      "mode": "managed",
      "type": "aws_api_gateway_deployment",
      "name": "start_stop_services_deployment",
      "provider": "provider[\"registry.terraform.io/hashicorp/aws\"]",
      "instances": [
        {
          "schema_version": 0,
          "attributes": {
            "canary_settings": [],
            "created_date": "2025-06-26T14:58:43Z",
            "description": "",
            "execution_arn": "arn:aws:execute-api:us-east-2:794038240353:gn9ka53r84/",
            "id": "yhnfbs",
            "invoke_url": "https://gn9ka53r84.execute-api.us-east-2.amazonaws.com/",
            "rest_api_id": "gn9ka53r84",
            "stage_description": null,
            "stage_name": null,
            "triggers": null,
            "variables": null
          },
          "sensitive_attributes": [],
          "private": "bnVsbA==",
          "dependencies": [
            "aws_api_gateway_integration.start_services_integration",
            "aws_api_gateway_integration.stop_services_integration",
            "aws_api_gateway_method.start_services_method",
            "aws_api_gateway_method.stop_services_method",
            "aws_api_gateway_resource.start_stop_services_resource",
            "aws_api_gateway_rest_api.start_stop_services_api",
            "aws_iam_role.lambda_exec",
            "aws_lambda_function.start_stop_services",
            "data.aws_region.current"
          ]
        }
      ]
    },
    {
      "mode": "managed",
      "type": "aws_api_gateway_integration",
      "name": "start_services_integration",
      "provider": "provider[\"registry.terraform.io/hashicorp/aws\"]",
      "instances": [
        {
          "schema_version": 0,
          "attributes": {
            "cache_key_parameters": [],
            "cache_namespace": "zwp2dn",
            "connection_id": "",
            "connection_type": "INTERNET",
            "content_handling": "",
            "credentials": "",
            "http_method": "POST",
            "id": "agi-gn9ka53r84-zwp2dn-POST",
            "integration_http_method": "POST",
            "passthrough_behavior": "WHEN_NO_MATCH",
            "request_parameters": {},
            "request_templates": {
              "application/json": "{\n  \"statusCode\": 200\n}\n"
            },
            "resource_id": "zwp2dn",
            "rest_api_id": "gn9ka53r84",
            "timeout_milliseconds": 29000,
            "tls_config": [],
            "type": "AWS_PROXY",
            "uri": "arn:aws:apigateway:us-east-2:lambda:path/2015-03-31/functions/arn:aws:lambda:us-east-2:794038240353:function:start-stop-services/invocations"
          },
          "sensitive_attributes": [],
          "private": "bnVsbA==",
          "dependencies": [
            "aws_api_gateway_method.start_services_method",
            "aws_api_gateway_resource.start_stop_services_resource",
            "aws_api_gateway_rest_api.start_stop_services_api",
            "aws_iam_role.lambda_exec",
            "aws_lambda_function.start_stop_services",
            "data.aws_region.current"
          ]
        }
      ]
    },
    {
      "mode": "managed",
      "type": "aws_api_gateway_integration",
      "name": "stop_services_integration",
      "provider": "provider[\"registry.terraform.io/hashicorp/aws\"]",
      "instances": [
        {
          "schema_version": 0,
          "attributes": {
            "cache_key_parameters": [],
            "cache_namespace": "zwp2dn",
            "connection_id": "",
            "connection_type": "INTERNET",
            "content_handling": "",
            "credentials": "",
            "http_method": "DELETE",
            "id": "agi-gn9ka53r84-zwp2dn-DELETE",
            "integration_http_method": "DELETE",
            "passthrough_behavior": "WHEN_NO_MATCH",
            "request_parameters": {},
            "request_templates": {
              "application/json": "{\n  \"statusCode\": 200\n}\n"
            },
            "resource_id": "zwp2dn",
            "rest_api_id": "gn9ka53r84",
            "timeout_milliseconds": 29000,
            "tls_config": [],
            "type": "AWS_PROXY",
            "uri": "arn:aws:apigateway:us-east-2:lambda:path/2015-03-31/functions/arn:aws:lambda:us-east-2:794038240353:function:start-stop-services/invocations"
          },
          "sensitive_attributes": [],
          "private": "bnVsbA==",
          "dependencies": [
            "aws_api_gateway_method.stop_services_method",
            "aws_api_gateway_resource.start_stop_services_resource",
            "aws_api_gateway_rest_api.start_stop_services_api",
            "aws_iam_role.lambda_exec",
            "aws_lambda_function.start_stop_services",
            "data.aws_region.current"
          ]
        }
      ]
    },
    {
      "mode": "managed",
      "type": "aws_api_gateway_integration_response",
      "name": "start_services_integration_response",
      "provider": "provider[\"registry.terraform.io/hashicorp/aws\"]",
      "instances": [
        {
          "schema_version": 0,
          "attributes": {
            "content_handling": "",
            "http_method": "POST",
            "id": "agir-gn9ka53r84-zwp2dn-POST-200",
            "resource_id": "zwp2dn",
            "response_parameters": {},
            "response_templates": {},
            "rest_api_id": "gn9ka53r84",
            "selection_pattern": "",
            "status_code": "200"
          },
          "sensitive_attributes": [],
          "private": "bnVsbA==",
          "dependencies": [
            "aws_api_gateway_integration.start_services_integration",
            "aws_api_gateway_method.start_services_method",
            "aws_api_gateway_resource.start_stop_services_resource",
            "aws_api_gateway_rest_api.start_stop_services_api",
            "aws_iam_role.lambda_exec",
            "aws_lambda_function.start_stop_services",
            "data.aws_region.current"
          ]
        }
      ]
    },
    {
      "mode": "managed",
      "type": "aws_api_gateway_integration_response",
      "name": "stop_services_integration_response",
      "provider": "provider[\"registry.terraform.io/hashicorp/aws\"]",
      "instances": [
        {
          "schema_version": 0,
          "attributes": {
            "content_handling": "",
            "http_method": "DELETE",
            "id": "agir-gn9ka53r84-zwp2dn-DELETE-200",
            "resource_id": "zwp2dn",
            "response_parameters": {},
            "response_templates": {},
            "rest_api_id": "gn9ka53r84",
            "selection_pattern": "",
            "status_code": "200"
          },
          "sensitive_attributes": [],
          "private": "bnVsbA==",
          "dependencies": [
            "aws_api_gateway_integration.stop_services_integration",
            "aws_api_gateway_method.stop_services_method",
            "aws_api_gateway_resource.start_stop_services_resource",
            "aws_api_gateway_rest_api.start_stop_services_api",
            "aws_iam_role.lambda_exec",
            "aws_lambda_function.start_stop_services",
            "data.aws_region.current"
          ]
        }
      ]
    },
    {
      "mode": "managed",
      "type": "aws_api_gateway_method",
      "name": "start_services_method",
      "provider": "provider[\"registry.terraform.io/hashicorp/aws\"]",
      "instances": [
        {
          "schema_version": 0,
          "attributes": {
            "api_key_required": false,
            "authorization": "NONE",
            "authorization_scopes": [],
            "authorizer_id": "",
            "http_method": "POST",
            "id": "agm-gn9ka53r84-zwp2dn-POST",
            "operation_name": "",
            "request_models": {},
            "request_parameters": {},
            "request_validator_id": "",
            "resource_id": "zwp2dn",
            "rest_api_id": "gn9ka53r84"
          },
          "sensitive_attributes": [],
          "private": "bnVsbA==",
          "dependencies": [
            "aws_api_gateway_resource.start_stop_services_resource",
            "aws_api_gateway_rest_api.start_stop_services_api"
          ]
        }
      ]
    },
    {
      "mode": "managed",
      "type": "aws_api_gateway_method",
      "name": "stop_services_method",
      "provider": "provider[\"registry.terraform.io/hashicorp/aws\"]",
      "instances": [
        {
          "schema_version": 0,
          "attributes": {
            "api_key_required": false,
            "authorization": "NONE",
            "authorization_scopes": [],
            "authorizer_id": "",
            "http_method": "DELETE",
            "id": "agm-gn9ka53r84-zwp2dn-DELETE",
            "operation_name": "",
            "request_models": {},
            "request_parameters": {},
            "request_validator_id": "",
            "resource_id": "zwp2dn",
            "rest_api_id": "gn9ka53r84"
          },
          "sensitive_attributes": [],
          "private": "bnVsbA==",
          "dependencies": [
            "aws_api_gateway_resource.start_stop_services_resource",
            "aws_api_gateway_rest_api.start_stop_services_api"
          ]
        }
      ]
    },
    {
      "mode": "managed",
      "type": "aws_api_gateway_resource",
      "name": "start_stop_services_resource",
      "provider": "provider[\"registry.terraform.io/hashicorp/aws\"]",
      "instances": [
        {
          "schema_version": 0,
          "attributes": {
            "id": "zwp2dn",
            "parent_id": "vyzt6j1pel",
            "path": "/start-stop-services",
            "path_part": "start-stop-services",
            "rest_api_id": "gn9ka53r84"
          },
          "sensitive_attributes": [],
          "private": "bnVsbA==",
          "dependencies": [
            "aws_api_gateway_rest_api.start_stop_services_api"
          ]
        }
      ]
    },
    {
      "mode": "managed",
      "type": "aws_api_gateway_rest_api",
      "name": "start_stop_services_api",
      "provider": "provider[\"registry.terraform.io/hashicorp/aws\"]",
      "instances": [
        {
          "schema_version": 0,
          "attributes": {
            "api_key_source": "HEADER",
            "arn": "arn:aws:apigateway:us-east-2::/restapis/gn9ka53r84",
            "binary_media_types": [],
            "body": null,
            "created_date": "2025-06-26T14:56:53Z",
            "description": "API para iniciar e parar serviços",
            "disable_execute_api_endpoint": false,
            "endpoint_configuration": [
              {
                "ip_address_type": "ipv4",
                "types": [
                  "EDGE"
                ],
                "vpc_endpoint_ids": []
              }
            ],
            "execution_arn": "arn:aws:execute-api:us-east-2:794038240353:gn9ka53r84",
            "fail_on_warnings": null,
            "id": "gn9ka53r84",
            "minimum_compression_size": "",
            "name": "start-stop-services-api",
            "parameters": null,
            "policy": "",
            "put_rest_api_mode": null,
            "root_resource_id": "vyzt6j1pel",
            "tags": {},
            "tags_all": {
              "managed-by": "terraform",
              "owner": "conversafina"
            }
          },
          "sensitive_attributes": [],
          "private": "bnVsbA=="
        }
      ]
    },
    {
      "mode": "managed",
      "type": "aws_api_gateway_stage",
      "name": "start_stop_services_stage",
      "provider": "provider[\"registry.terraform.io/hashicorp/aws\"]",
      "instances": [
        {
          "schema_version": 0,
          "attributes": {
            "access_log_settings": [],
            "arn": "arn:aws:apigateway:us-east-2::/restapis/gn9ka53r84/stages/prod",
            "cache_cluster_enabled": false,
            "cache_cluster_size": "",
            "canary_settings": [],
            "client_certificate_id": "",
            "deployment_id": "yhnfbs",
            "description": "",
            "documentation_version": "",
            "execution_arn": "arn:aws:execute-api:us-east-2:794038240353:gn9ka53r84/prod",
            "id": "ags-gn9ka53r84-prod",
            "invoke_url": "https://gn9ka53r84.execute-api.us-east-2.amazonaws.com/prod",
            "rest_api_id": "gn9ka53r84",
            "stage_name": "prod",
            "tags": {},
            "tags_all": {
              "managed-by": "terraform",
              "owner": "conversafina"
            },
            "variables": {},
            "web_acl_arn": "",
            "xray_tracing_enabled": false
          },
          "sensitive_attributes": [],
          "private": "bnVsbA==",
          "dependencies": [
            "aws_api_gateway_deployment.start_stop_services_deployment",
            "aws_api_gateway_integration.start_services_integration",
            "aws_api_gateway_integration.stop_services_integration",
            "aws_api_gateway_method.start_services_method",
            "aws_api_gateway_method.stop_services_method",
            "aws_api_gateway_resource.start_stop_services_resource",
            "aws_api_gateway_rest_api.start_stop_services_api",
            "aws_iam_role.lambda_exec",
            "aws_lambda_function.start_stop_services",
            "data.aws_region.current"
          ]
        }
      ]
    },
    {
      "mode": "managed",
      "type": "aws_ecs_cluster",
      "name": "conversafina",
      "provider": "provider[\"registry.terraform.io/hashicorp/aws\"]",
      "instances": [
        {
          "schema_version": 0,
          "attributes": {
            "arn": "arn:aws:ecs:us-east-2:794038240353:cluster/conversafina-cluster",
            "configuration": [],
            "id": "arn:aws:ecs:us-east-2:794038240353:cluster/conversafina-cluster",
            "name": "conversafina-cluster",
            "service_connect_defaults": [],
            "setting": [
              {
                "name": "containerInsights",
                "value": "disabled"
              }
            ],
            "tags": {},
            "tags_all": {
              "managed-by": "terraform",
              "owner": "conversafina"
            }
          },
          "sensitive_attributes": [],
          "private": "bnVsbA=="
        }
      ]
    },
    {
      "mode": "managed",
      "type": "aws_ecs_service",
      "name": "conversafina",
      "provider": "provider[\"registry.terraform.io/hashicorp/aws\"]",
      "instances": [
        {
          "schema_version": 1,
          "attributes": {
            "alarms": [],
            "availability_zone_rebalancing": "DISABLED",
            "capacity_provider_strategy": [],
            "cluster": "conversafina-cluster",
            "deployment_circuit_breaker": [
              {
                "enable": false,
                "rollback": false
              }
            ],
            "deployment_controller": [
              {
                "type": "ECS"
              }
            ],
            "deployment_maximum_percent": 200,
            "deployment_minimum_healthy_percent": 100,
            "desired_count": 1,
            "enable_ecs_managed_tags": false,
            "enable_execute_command": false,
            "force_delete": null,
            "force_new_deployment": null,
            "health_check_grace_period_seconds": 0,
            "iam_role": "/aws-service-role/ecs.amazonaws.com/AWSServiceRoleForECS",
            "id": "arn:aws:ecs:us-east-2:794038240353:service/conversafina-cluster/conversafina-service",
            "launch_type": "FARGATE",
            "load_balancer": [],
            "name": "conversafina-service",
            "network_configuration": [
              {
                "assign_public_ip": true,
                "security_groups": [
                  "sg-0081a8fed3eda0cee"
                ],
                "subnets": [
                  "subnet-0e3acb9b437b7b2fa"
                ]
              }
            ],
            "ordered_placement_strategy": [],
            "placement_constraints": [],
            "platform_version": "LATEST",
            "propagate_tags": "NONE",
            "scheduling_strategy": "REPLICA",
            "service_connect_configuration": [],
            "service_registries": [],
            "tags": {},
            "tags_all": {
              "managed-by": "terraform",
              "owner": "conversafina"
            },
            "task_definition": "arn:aws:ecs:us-east-2:794038240353:task-definition/conversafina-task-definition:29",
            "timeouts": null,
            "triggers": {},
            "volume_configuration": [],
            "vpc_lattice_configurations": [],
            "wait_for_steady_state": false
          },
          "sensitive_attributes": [],
          "private": "eyJlMmJmYjczMC1lY2FhLTExZTYtOGY4OC0zNDM2M2JjN2M0YzAiOnsiY3JlYXRlIjoxMjAwMDAwMDAwMDAwLCJkZWxldGUiOjEyMDAwMDAwMDAwMDAsInVwZGF0ZSI6MTIwMDAwMDAwMDAwMH0sInNjaGVtYV92ZXJzaW9uIjoiMSJ9",
          "dependencies": [
            "aws_ecs_cluster.conversafina",
            "aws_ecs_task_definition.conversafina",
            "aws_iam_role.conversafina",
            "aws_security_group.conversafina",
            "data.aws_ecr_image.conversafina-backend",
            "data.aws_ecr_image.conversafina-frontend",
            "data.aws_ecr_image.conversafina-nginx",
            "data.aws_ecr_repository.conversafina-backend",
            "data.aws_ecr_repository.conversafina-frontend",
            "data.aws_ecr_repository.conversafina-nginx",
            "data.aws_subnet.conversafina",
            "data.aws_vpc.conversafina"
          ]
        }
      ]
    },
    {
      "mode": "managed",
      "type": "aws_ecs_task_definition",
      "name": "conversafina",
      "provider": "provider[\"registry.terraform.io/hashicorp/aws\"]",
      "instances": [
        {
          "schema_version": 1,
          "attributes": {
            "arn": "arn:aws:ecs:us-east-2:794038240353:task-definition/conversafina-task-definition:29",
            "arn_without_revision": "arn:aws:ecs:us-east-2:794038240353:task-definition/conversafina-task-definition",
            "container_definitions": "[{\"cpu\":341,\"environment\":[],\"essential\":true,\"image\":\"794038240353.dkr.ecr.us-east-2.amazonaws.com/conversafina-backend@sha256:ab0234e4e12ae37e04b7cbe5c234f7b6de136488c672d8c262110b45445f97df\",\"logConfiguration\":{\"logDriver\":\"awslogs\",\"options\":{\"awslogs-region\":\"us-east-2\",\"awslogs-stream-prefix\":\"ecs\",\"awslogs-group\":\"/ecs/conversafina-backend\",\"mode\":\"non-blocking\",\"awslogs-create-group\":\"true\",\"max-buffer-size\":\"25m\"}},\"memory\":1024,\"mountPoints\":[],\"name\":\"conversafina-backend\",\"portMappings\":[{\"containerPort\":8081,\"hostPort\":8081,\"protocol\":\"tcp\"}],\"systemControls\":[],\"volumesFrom\":[]},{\"cpu\":341,\"environment\":[],\"essential\":true,\"image\":\"794038240353.dkr.ecr.us-east-2.amazonaws.com/conversafina-frontend@sha256:b8782565debbfbcff1058c08b317cac4f5a8361f4d1a5201923516f4eb2faa6e\",\"logConfiguration\":{\"logDriver\":\"awslogs\",\"options\":{\"awslogs-group\":\"/ecs/conversafina-frontend\",\"mode\":\"non-blocking\",\"awslogs-create-group\":\"true\",\"max-buffer-size\":\"25m\",\"awslogs-region\":\"us-east-2\",\"awslogs-stream-prefix\":\"ecs\"}},\"memory\":1024,\"mountPoints\":[],\"name\":\"conversafina-frontend\",\"portMappings\":[{\"containerPort\":8080,\"hostPort\":8080,\"protocol\":\"tcp\"}],\"systemControls\":[],\"volumesFrom\":[]},{\"cpu\":341,\"environment\":[],\"essential\":true,\"image\":\"794038240353.dkr.ecr.us-east-2.amazonaws.com/conversafina-nginx@sha256:1fa54ba76d28fee9e0e88373ba9a433ad5763b4efae023457eca791fe512d395\",\"logConfiguration\":{\"logDriver\":\"awslogs\",\"options\":{\"max-buffer-size\":\"25m\",\"awslogs-region\":\"us-east-2\",\"awslogs-stream-prefix\":\"ecs\",\"awslogs-group\":\"/ecs/conversafina-nginx\",\"mode\":\"non-blocking\",\"awslogs-create-group\":\"true\"}},\"memory\":1024,\"mountPoints\":[],\"name\":\"conversafina-nginx\",\"portMappings\":[{\"containerPort\":80,\"hostPort\":80,\"protocol\":\"tcp\"},{\"containerPort\":443,\"hostPort\":443,\"protocol\":\"tcp\"}],\"systemControls\":[],\"volumesFrom\":[]}]",
            "cpu": "1024",
            "enable_fault_injection": false,
            "ephemeral_storage": [],
            "execution_role_arn": "arn:aws:iam::794038240353:role/conversafina-task-execution-role",
            "family": "conversafina-task-definition",
            "id": "conversafina-task-definition",
            "inference_accelerator": [],
            "ipc_mode": "",
            "memory": "3072",
            "network_mode": "awsvpc",
            "pid_mode": "",
            "placement_constraints": [],
            "proxy_configuration": [],
            "requires_compatibilities": [
              "FARGATE"
            ],
            "revision": 29,
            "runtime_platform": [
              {
                "cpu_architecture": "ARM64",
                "operating_system_family": "LINUX"
              }
            ],
            "skip_destroy": false,
            "tags": null,
            "tags_all": {
              "managed-by": "terraform",
              "owner": "conversafina"
            },
            "task_role_arn": "",
            "track_latest": false,
            "volume": []
          },
          "sensitive_attributes": [],
          "private": "eyJzY2hlbWFfdmVyc2lvbiI6IjEifQ==",
          "dependencies": [
            "aws_iam_role.conversafina",
            "data.aws_ecr_image.conversafina-backend",
            "data.aws_ecr_image.conversafina-frontend",
            "data.aws_ecr_image.conversafina-nginx",
            "data.aws_ecr_repository.conversafina-backend",
            "data.aws_ecr_repository.conversafina-frontend",
            "data.aws_ecr_repository.conversafina-nginx"
          ]
        }
      ]
    },
    {
      "mode": "managed",
      "type": "aws_iam_policy",
      "name": "conversafina",
      "provider": "provider[\"registry.terraform.io/hashicorp/aws\"]",
      "instances": [
        {
          "schema_version": 0,
          "attributes": {
            "arn": "arn:aws:iam::794038240353:policy/conversafina-task-execution-policy",
            "attachment_count": 1,
            "description": "Política de execução de tarefa para o ECS",
            "id": "arn:aws:iam::794038240353:policy/conversafina-task-execution-policy",
            "name": "conversafina-task-execution-policy",
            "name_prefix": "",
            "path": "/",
            "policy": "{\"Statement\":[{\"Action\":[\"ecr:GetAuthorizationToken\",\"ecr:BatchCheckLayerAvailability\",\"ecr:GetDownloadUrlForLayer\",\"ecr:BatchGetImage\",\"logs:CreateLogStream\",\"logs:CreateLogGroup\",\"logs:PutLogEvents\"],\"Effect\":\"Allow\",\"Resource\":\"*\"}],\"Version\":\"2012-10-17\"}",
            "policy_id": "ANPA3RYC6ARQYHSC4VMVT",
            "tags": {},
            "tags_all": {
              "managed-by": "terraform",
              "owner": "conversafina"
            }
          },
          "sensitive_attributes": [],
          "private": "bnVsbA=="
        }
      ]
    },
    {
      "mode": "managed",
      "type": "aws_iam_policy",
      "name": "lambda_exec_policy",
      "provider": "provider[\"registry.terraform.io/hashicorp/aws\"]",
      "instances": [
        {
          "schema_version": 0,
          "attributes": {
            "arn": "arn:aws:iam::794038240353:policy/lambda-exec-policy",
            "attachment_count": 1,
            "description": "Política de execução da Lambda",
            "id": "arn:aws:iam::794038240353:policy/lambda-exec-policy",
            "name": "lambda-exec-policy",
            "name_prefix": "",
            "path": "/",
            "policy": "{\"Statement\":[{\"Action\":[\"logs:CreateLogGroup\",\"logs:CreateLogStream\",\"logs:PutLogEvents\",\"ecs:*\",\"ec2:*\"],\"Effect\":\"Allow\",\"Resource\":\"*\"}],\"Version\":\"2012-10-17\"}",
            "policy_id": "ANPA3RYC6ARQWMOR7YPYC",
            "tags": {},
            "tags_all": {
              "managed-by": "terraform",
              "owner": "conversafina"
            }
          },
          "sensitive_attributes": [],
          "private": "bnVsbA=="
        }
      ]
    },
    {
      "mode": "managed",
      "type": "aws_iam_role",
      "name": "conversafina",
      "provider": "provider[\"registry.terraform.io/hashicorp/aws\"]",
      "instances": [
        {
          "schema_version": 0,
          "attributes": {
            "arn": "arn:aws:iam::794038240353:role/conversafina-task-execution-role",
            "assume_role_policy": "{\"Statement\":[{\"Action\":\"sts:AssumeRole\",\"Effect\":\"Allow\",\"Principal\":{\"Service\":\"ecs-tasks.amazonaws.com\"}}],\"Version\":\"2012-10-17\"}",
            "create_date": "2025-06-26T14:56:53Z",
            "description": "Função de execução de tarefa para o ECS",
            "force_detach_policies": false,
            "id": "conversafina-task-execution-role",
            "inline_policy": [],
            "managed_policy_arns": [
              "arn:aws:iam::794038240353:policy/conversafina-task-execution-policy"
            ],
            "max_session_duration": 3600,
            "name": "conversafina-task-execution-role",
            "name_prefix": "",
            "path": "/",
            "permissions_boundary": "",
            "tags": {},
            "tags_all": {
              "managed-by": "terraform",
              "owner": "conversafina"
            },
            "unique_id": "AROA3RYC6ARQTOCPUD24X"
          },
          "sensitive_attributes": [],
          "private": "bnVsbA=="
        }
      ]
    },
    {
      "mode": "managed",
      "type": "aws_iam_role",
      "name": "lambda_exec",
      "provider": "provider[\"registry.terraform.io/hashicorp/aws\"]",
      "instances": [
        {
          "schema_version": 0,
          "attributes": {
            "arn": "arn:aws:iam::794038240353:role/lambda-exec-role",
            "assume_role_policy": "{\"Statement\":[{\"Action\":\"sts:AssumeRole\",\"Effect\":\"Allow\",\"Principal\":{\"Service\":\"lambda.amazonaws.com\"}}],\"Version\":\"2012-10-17\"}",
            "create_date": "2025-06-26T14:56:53Z",
            "description": "Papel de execução da Lambda",
            "force_detach_policies": false,
            "id": "lambda-exec-role",
            "inline_policy": [],
            "managed_policy_arns": [
              "arn:aws:iam::794038240353:policy/lambda-exec-policy"
            ],
            "max_session_duration": 3600,
            "name": "lambda-exec-role",
            "name_prefix": "",
            "path": "/",
            "permissions_boundary": "",
            "tags": {},
            "tags_all": {
              "managed-by": "terraform",
              "owner": "conversafina"
            },
            "unique_id": "AROA3RYC6ARQ3ZKVBUL4K"
          },
          "sensitive_attributes": [],
          "private": "bnVsbA=="
        }
      ]
    },
    {
      "mode": "managed",
      "type": "aws_iam_role_policy_attachment",
      "name": "conversafina",
      "provider": "provider[\"registry.terraform.io/hashicorp/aws\"]",
      "instances": [
        {
          "schema_version": 0,
          "attributes": {
            "id": "conversafina-task-execution-role-20250626145653715000000002",
            "policy_arn": "arn:aws:iam::794038240353:policy/conversafina-task-execution-policy",
            "role": "conversafina-task-execution-role"
          },
          "sensitive_attributes": [],
          "private": "bnVsbA==",
          "dependencies": [
            "aws_iam_policy.conversafina",
            "aws_iam_role.conversafina"
          ]
        }
      ]
    },
    {
      "mode": "managed",
      "type": "aws_iam_role_policy_attachment",
      "name": "lambda_exec_attach",
      "provider": "provider[\"registry.terraform.io/hashicorp/aws\"]",
      "instances": [
        {
          "schema_version": 0,
          "attributes": {
            "id": "lambda-exec-role-20250626145653689500000001",
            "policy_arn": "arn:aws:iam::794038240353:policy/lambda-exec-policy",
            "role": "lambda-exec-role"
          },
          "sensitive_attributes": [],
          "private": "bnVsbA==",
          "dependencies": [
            "aws_iam_policy.lambda_exec_policy",
            "aws_iam_role.lambda_exec"
          ]
        }
      ]
    },
    {
      "mode": "managed",
      "type": "aws_lambda_function",
      "name": "start_stop_services",
      "provider": "provider[\"registry.terraform.io/hashicorp/aws\"]",
      "instances": [
        {
          "schema_version": 0,
          "attributes": {
            "architectures": [
              "x86_64"
            ],
            "arn": "arn:aws:lambda:us-east-2:794038240353:function:start-stop-services",
            "code_sha256": "W7173EIPKQNr5bpizvGoXHYMm1mtjG+HQ5Szwvpf+rc=",
            "code_signing_config_arn": "",
            "dead_letter_config": [],
            "description": "",
            "environment": [
              {
                "variables": {
                  "EC2_INSTANCE_ID": "i-01f7966513a387a9e",
                  "ECS_CLUSTER": "conversafina-cluster",
                  "ECS_SERVICE": "conversafina-service"
                }
              }
            ],
            "ephemeral_storage": [
              {
                "size": 512
              }
            ],
            "file_system_config": [],
            "filename": "lambda_function.zip",
            "function_name": "start-stop-services",
            "handler": "index.handler",
            "id": "start-stop-services",
            "image_config": [],
            "image_uri": "",
            "invoke_arn": "arn:aws:apigateway:us-east-2:lambda:path/2015-03-31/functions/arn:aws:lambda:us-east-2:794038240353:function:start-stop-services/invocations",
            "kms_key_arn": "",
            "last_modified": "2025-06-26T14:58:36.152+0000",
            "layers": [],
            "logging_config": [
              {
                "application_log_level": "",
                "log_format": "Text",
                "log_group": "/aws/lambda/start-stop-services",
                "system_log_level": ""
              }
            ],
            "memory_size": 128,
            "package_type": "Zip",
            "publish": false,
            "qualified_arn": "arn:aws:lambda:us-east-2:794038240353:function:start-stop-services:$LATEST",
            "qualified_invoke_arn": "arn:aws:apigateway:us-east-2:lambda:path/2015-03-31/functions/arn:aws:lambda:us-east-2:794038240353:function:start-stop-services:$LATEST/invocations",
            "replace_security_groups_on_destroy": null,
            "replacement_security_group_ids": null,
            "reserved_concurrent_executions": -1,
            "role": "arn:aws:iam::794038240353:role/lambda-exec-role",
            "runtime": "nodejs22.x",
            "s3_bucket": null,
            "s3_key": null,
            "s3_object_version": null,
            "signing_job_arn": "",
            "signing_profile_version_arn": "",
            "skip_destroy": false,
            "snap_start": [],
            "source_code_hash": "W7173EIPKQNr5bpizvGoXHYMm1mtjG+HQ5Szwvpf+rc=",
            "source_code_size": 6436713,
            "tags": {},
            "tags_all": {
              "managed-by": "terraform",
              "owner": "conversafina"
            },
            "timeout": 3,
            "timeouts": null,
            "tracing_config": [
              {
                "mode": "PassThrough"
              }
            ],
            "version": "$LATEST",
            "vpc_config": []
          },
          "sensitive_attributes": [],
          "private": "eyJlMmJmYjczMC1lY2FhLTExZTYtOGY4OC0zNDM2M2JjN2M0YzAiOnsiY3JlYXRlIjo2MDAwMDAwMDAwMDAsImRlbGV0ZSI6NjAwMDAwMDAwMDAwLCJ1cGRhdGUiOjYwMDAwMDAwMDAwMH19",
          "dependencies": [
            "aws_iam_role.lambda_exec"
          ]
        }
      ]
    },
    {
      "mode": "managed",
      "type": "aws_lambda_permission",
      "name": "allow_api_gateway",
      "provider": "provider[\"registry.terraform.io/hashicorp/aws\"]",
      "instances": [
        {
          "schema_version": 0,
          "attributes": {
            "action": "lambda:InvokeFunction",
            "event_source_token": null,
            "function_name": "start-stop-services",
            "function_url_auth_type": null,
            "id": "AllowAPIGatewayInvoke",
            "principal": "apigateway.amazonaws.com",
            "principal_org_id": null,
            "qualifier": "",
            "source_account": null,
            "source_arn": "arn:aws:execute-api:us-east-2:794038240353:gn9ka53r84/*/*",
            "statement_id": "AllowAPIGatewayInvoke",
            "statement_id_prefix": ""
          },
          "sensitive_attributes": [],
          "private": "bnVsbA==",
          "dependencies": [
            "aws_api_gateway_rest_api.start_stop_services_api",
            "aws_iam_role.lambda_exec",
            "aws_lambda_function.start_stop_services"
          ]
        }
      ]
    },
    {
      "mode": "managed",
      "type": "aws_security_group",
      "name": "conversafina",
      "provider": "provider[\"registry.terraform.io/hashicorp/aws\"]",
      "instances": [
        {
          "schema_version": 1,
          "attributes": {
            "arn": "arn:aws:ec2:us-east-2:794038240353:security-group/sg-0081a8fed3eda0cee",
            "description": "Security group para o cluster conversafina",
            "egress": [
              {
                "cidr_blocks": [
                  "0.0.0.0/0"
                ],
                "description": "",
                "from_port": 0,
                "ipv6_cidr_blocks": [],
                "prefix_list_ids": [],
                "protocol": "-1",
                "security_groups": [],
                "self": false,
                "to_port": 0
              }
            ],
            "id": "sg-0081a8fed3eda0cee",
            "ingress": [
              {
                "cidr_blocks": [
                  "0.0.0.0/0"
                ],
                "description": "",
                "from_port": 443,
                "ipv6_cidr_blocks": [],
                "prefix_list_ids": [],
                "protocol": "tcp",
                "security_groups": [],
                "self": false,
                "to_port": 443
              },
              {
                "cidr_blocks": [
                  "0.0.0.0/0"
                ],
                "description": "",
                "from_port": 80,
                "ipv6_cidr_blocks": [],
                "prefix_list_ids": [],
                "protocol": "tcp",
                "security_groups": [],
                "self": false,
                "to_port": 80
              },
              {
                "cidr_blocks": [
                  "172.31.0.0/20"
                ],
                "description": "",
                "from_port": 8080,
                "ipv6_cidr_blocks": [],
                "prefix_list_ids": [],
                "protocol": "tcp",
                "security_groups": [],
                "self": false,
                "to_port": 8080
              },
              {
                "cidr_blocks": [
                  "172.31.0.0/20"
                ],
                "description": "",
                "from_port": 8081,
                "ipv6_cidr_blocks": [],
                "prefix_list_ids": [],
                "protocol": "tcp",
                "security_groups": [],
                "self": false,
                "to_port": 8081
              }
            ],
            "name": "conversafina-sg",
            "name_prefix": "",
            "owner_id": "794038240353",
            "revoke_rules_on_delete": false,
            "tags": {},
            "tags_all": {
              "managed-by": "terraform",
              "owner": "conversafina"
            },
            "timeouts": null,
            "vpc_id": "vpc-0f1a6cf4187afb3ce"
          },
          "sensitive_attributes": [],
          "private": "eyJlMmJmYjczMC1lY2FhLTExZTYtOGY4OC0zNDM2M2JjN2M0YzAiOnsiY3JlYXRlIjo2MDAwMDAwMDAwMDAsImRlbGV0ZSI6OTAwMDAwMDAwMDAwfSwic2NoZW1hX3ZlcnNpb24iOiIxIn0=",
          "dependencies": [
            "data.aws_subnet.conversafina",
            "data.aws_vpc.conversafina"
          ]
        }
      ]
    },
    {
      "mode": "managed",
      "type": "null_resource",
      "name": "install_dependencies",
      "provider": "provider[\"registry.terraform.io/hashicorp/null\"]",
      "instances": [
        {
          "schema_version": 0,
          "attributes": {
            "id": "3110070607780839889",
            "triggers": null
          },
          "sensitive_attributes": []
        }
      ]
    }
  ],
  "check_results": null
}
